
Microsoft Visual Studio Solution File, Format Version 12.00
# Visual Studio Version 17
VisualStudioVersion = 17.4.33103.184
MinimumVisualStudioVersion = 10.0.40219.1
Project("{FAE04EC0-301F-11D3-BF4B-00C04F79EFBC}") = "Harjoitus 4 albuumi", "Harjoitus 4 albuumi.csproj", "{B48E1AFF-1B8F-4B39-802D-88AE223556A9}"
EndProject
Global
	GlobalSection(SolutionConfigurationPlatforms) = preSolution
		Debug|Any CPU = Debug|Any CPU
		Release|Any CPU = Release|Any CPU
	EndGlobalSection
	GlobalSection(ProjectConfigurationPlatforms) = postSolution
		{B48E1AFF-1B8F-4B39-802D-88AE223556A9}.Debug|Any CPU.ActiveCfg = Debug|Any CPU
		{B48E1AFF-1B8F-4B39-802D-88AE223556A9}.Debug|Any CPU.Build.0 = Debug|Any CPU
		{B48E1AFF-1B8F-4B39-802D-88AE223556A9}.Release|Any CPU.ActiveCfg = Release|Any CPU
		{B48E1AFF-1B8F-4B39-802D-88AE223556A9}.Release|Any CPU.Build.0 = Release|Any CPU
	EndGlobalSection
	GlobalSection(SolutionProperties) = preSolution
		HideSolutionNode = FALSE
	EndGlobalSection
	GlobalSection(ExtensibilityGlobals) = postSolution
		SolutionGuid = {FD35D066-629E-443C-8F6D-5427D76C5227}
	EndGlobalSection
EndGlobal
