
Microsoft Visual Studio Solution File, Format Version 12.00
# Visual Studio Version 17
VisualStudioVersion = 17.4.33103.184
MinimumVisualStudioVersion = 10.0.40219.1
Project("{FAE04EC0-301F-11D3-BF4B-00C04F79EFBC}") = "Tehtävä_5_laskin", "Tehtävä_5_laskin.csproj", "{D6A87D3B-FBA8-436C-BF2D-8F24FE1B53DA}"
EndProject
Global
	GlobalSection(SolutionConfigurationPlatforms) = preSolution
		Debug|Any CPU = Debug|Any CPU
		Release|Any CPU = Release|Any CPU
	EndGlobalSection
	GlobalSection(ProjectConfigurationPlatforms) = postSolution
		{D6A87D3B-FBA8-436C-BF2D-8F24FE1B53DA}.Debug|Any CPU.ActiveCfg = Debug|Any CPU
		{D6A87D3B-FBA8-436C-BF2D-8F24FE1B53DA}.Debug|Any CPU.Build.0 = Debug|Any CPU
		{D6A87D3B-FBA8-436C-BF2D-8F24FE1B53DA}.Release|Any CPU.ActiveCfg = Release|Any CPU
		{D6A87D3B-FBA8-436C-BF2D-8F24FE1B53DA}.Release|Any CPU.Build.0 = Release|Any CPU
	EndGlobalSection
	GlobalSection(SolutionProperties) = preSolution
		HideSolutionNode = FALSE
	EndGlobalSection
	GlobalSection(ExtensibilityGlobals) = postSolution
		SolutionGuid = {97F946DE-97DF-4615-A1FB-BFE9A5E5C5BD}
	EndGlobalSection
EndGlobal
